{
  "requires": true,
  "lockfileVersion": 1,
  "dependencies": {
    "polibias": {
      "version": "1.0.0",
      "resolved": "https://registry.npmjs.org/cuss/-/cuss-1.8.0.tgz",
      "integrity": "sha512-1vDkoOC7UnYKksgE0NCLI5wO/3k694vRbgKWLrQVCD7YMIxnyI2cIveYfF54qOc6OB202t5Kb1EDPsrCLeO9Uw=="
    },
    "lodash.difference": {
      "version": "4.5.0",
      "resolved": "https://registry.npmjs.org/lodash.difference/-/lodash.difference-4.5.0.tgz",
      "integrity": "sha1-nMtOUF1Ia5FlE0V3KIWi3yf9AXw="
    },
    "lodash.intersection": {
      "version": "4.4.0",
      "resolved": "https://registry.npmjs.org/lodash.intersection/-/lodash.intersection-4.4.0.tgz",
      "integrity": "sha1-ChG6Yx0OlcI8fy9Mu5ppLtF45wU="
    },
    "nlcst-is-literal": {
      "version": "1.1.2",
      "resolved": "https://registry.npmjs.org/nlcst-is-literal/-/nlcst-is-literal-1.1.2.tgz",
      "integrity": "sha512-eFdFvG7XE/YwPFbRk3ryzinTVGWpAEBQNH/FWc4sVSHXUumZtdSVaJYsz0axK4uF1pmlIAWgYWhzDuQ8NTf79A==",
      "requires": {
        "nlcst-to-string": "^2.0.0"
      }
    },
    "nlcst-normalize": {
      "version": "2.1.2",
      "resolved": "https://registry.npmjs.org/nlcst-normalize/-/nlcst-normalize-2.1.2.tgz",
      "integrity": "sha512-fvXY7r3MsPFoB7nAUxhuBUJ8UC8wzBpWXuPRNL5DYca805CvThsV1wEIbkD9X/t506vvRfL3rRjXnfmbcl7O4Q==",
      "requires": {
        "nlcst-to-string": "^2.0.0"
      }
    },
    "nlcst-search": {
      "version": "1.5.0",
      "resolved": "https://registry.npmjs.org/nlcst-search/-/nlcst-search-1.5.0.tgz",
      "integrity": "sha512-2OYlim0rafAJRtwhqUxgwyXskQNSiDHrMWXjUaPzzYwWfG3XnM3OAextLxj0i/iObl1mG4ZAGKY6nwtfogJMzQ==",
      "requires": {
        "nlcst-is-literal": "^1.1.0",
        "nlcst-normalize": "^2.1.0",
        "unist-util-visit": "^1.0.0"
      }
    },
    "nlcst-to-string": {
      "version": "2.0.2",
      "resolved": "https://registry.npmjs.org/nlcst-to-string/-/nlcst-to-string-2.0.2.tgz",
      "integrity": "sha512-DV7wVvMcAsmZ5qEwvX1JUNF4lKkAAKbChwNlIH7NLsPR7LWWoeIt53YlZ5CQH5KDXEXQ9Xa3mw0PbPewymrtew=="
    },
    "object-keys": {
      "version": "1.0.12",
      "resolved": "https://registry.npmjs.org/object-keys/-/object-keys-1.0.12.tgz",
      "integrity": "sha512-FTMyFUm2wBcGHnH2eXmz7tC6IwlqQZ6mVZ+6dm6vZ4IQIHjs6FdNsQBuKGPuUUUY6NfJw2PshC08Tn6LzLDOag=="
    },
    "pluralize": {
      "version": "7.0.0",
      "resolved": "https://registry.npmjs.org/pluralize/-/pluralize-7.0.0.tgz",
      "integrity": "sha512-ARhBOdzS3e41FbkW/XWrTEtukqqLoK5+Z/4UeDaLuSW+39JPeFgs4gCGqsrJHVZX0fUrx//4OF0K1CUGwlIFow=="
    },
    "quotation": {
      "version": "1.1.1",
      "resolved": "https://registry.npmjs.org/quotation/-/quotation-1.1.1.tgz",
      "integrity": "sha512-bjz7kEsfg6D3uMeed+VbeypnooGlX7enMnDbx0KLYEEM8J1k24jk2pc+1nyQ1sExnERz8xKXRSZ0EYNIwLM83g=="
    },
    "retext-profanities": {
      "version": "file:retext-profanities",
      "requires": {
        "cuss": "^1.3.0",
        "lodash.difference": "^4.5.0",
        "lodash.intersection": "^4.4.0",
        "nlcst-search": "^1.0.0",
        "nlcst-to-string": "^2.0.0",
        "object-keys": "^1.0.9",
        "pluralize": "^7.0.0",
        "quotation": "^1.0.0"
      }
    },
    "unist-util-is": {
      "version": "2.1.2",
      "resolved": "https://registry.npmjs.org/unist-util-is/-/unist-util-is-2.1.2.tgz",
      "integrity": "sha512-YkXBK/H9raAmG7KXck+UUpnKiNmUdB+aBGrknfQ4EreE1banuzrKABx3jP6Z5Z3fMSPMQQmeXBlKpCbMwBkxVw=="
    },
    "unist-util-visit": {
      "version": "1.4.0",
      "resolved": "https://registry.npmjs.org/unist-util-visit/-/unist-util-visit-1.4.0.tgz",
      "integrity": "sha512-FiGu34ziNsZA3ZUteZxSFaczIjGmksfSgdKqBfOejrrfzyUy5b7YrlzT1Bcvi+djkYDituJDy2XB7tGTeBieKw==",
      "requires": {
        "unist-util-visit-parents": "^2.0.0"
      }
    },
    "unist-util-visit-parents": {
      "version": "2.0.1",
      "resolved": "https://registry.npmjs.org/unist-util-visit-parents/-/unist-util-visit-parents-2.0.1.tgz",
      "integrity": "sha512-6B0UTiMfdWql4cQ03gDTCSns+64Zkfo2OCbK31Ov0uMizEz+CJeAp0cgZVb5Fhmcd7Bct2iRNywejT0orpbqUA==",
      "requires": {
        "unist-util-is": "^2.1.2"
      }
    }
  }
}
